
Microsoft Visual Studio Solution File, Format Version 12.00
# Visual Studio Version 17
VisualStudioVersion = 17.10.35013.160
MinimumVisualStudioVersion = 10.0.40219.1
Project("{FAE04EC0-301F-11D3-BF4B-00C04F79EFBC}") = "GhasedakSms.Framework", "GhasedakSms.Framework\GhasedakSms.Framework.csproj", "{DA8D7E5B-8880-4E36-883C-960FBE089926}"
EndProject
Global
	GlobalSection(SolutionConfigurationPlatforms) = preSolution
		Debug|Any CPU = Debug|Any CPU
		Release|Any CPU = Release|Any CPU
	EndGlobalSection
	GlobalSection(ProjectConfigurationPlatforms) = postSolution
		{DA8D7E5B-8880-4E36-883C-960FBE089926}.Debug|Any CPU.ActiveCfg = Debug|Any CPU
		{DA8D7E5B-8880-4E36-883C-960FBE089926}.Debug|Any CPU.Build.0 = Debug|Any CPU
		{DA8D7E5B-8880-4E36-883C-960FBE089926}.Release|Any CPU.ActiveCfg = Release|Any CPU
		{DA8D7E5B-8880-4E36-883C-960FBE089926}.Release|Any CPU.Build.0 = Release|Any CPU
	EndGlobalSection
	GlobalSection(SolutionProperties) = preSolution
		HideSolutionNode = FALSE
	EndGlobalSection
	GlobalSection(ExtensibilityGlobals) = postSolution
		SolutionGuid = {427C08D8-E0DB-415C-890C-EF7C3A632939}
	EndGlobalSection
EndGlobal
